// !$*UTF8*$!
{
	archiveVersion = 1;
	classes = {
	};
	objectVersion = 50;
	objects = {

/* Begin PBXBuildFile section */
		05F01C9F0B43F59125CBD984 /* Pods_ProfileSampleApp.framework in Frameworks */ = {isa = PBXBuildFile; fileRef = 18C1C5881896AAACFA3899C2 /* Pods_ProfileSampleApp.framework */; };
		823EA59E6805821CADE05600 /* Pods_ProfileSampleAppTests.framework in Frameworks */ = {isa = PBXBuildFile; fileRef = 6D7F6BE044D8838B9EDC67D9 /* Pods_ProfileSampleAppTests.framework */; };
		C063422721876D4300E5E12B /* AppDelegate.swift in Sources */ = {isa = PBXBuildFile; fileRef = C063422621876D4300E5E12B /* AppDelegate.swift */; };
		C063422C21876D4300E5E12B /* Main.storyboard in Resources */ = {isa = PBXBuildFile; fileRef = C063422A21876D4300E5E12B /* Main.storyboard */; };
		C063422E21876D4600E5E12B /* Assets.xcassets in Resources */ = {isa = PBXBuildFile; fileRef = C063422D21876D4600E5E12B /* Assets.xcassets */; };
		C063423121876D4600E5E12B /* LaunchScreen.storyboard in Resources */ = {isa = PBXBuildFile; fileRef = C063422F21876D4600E5E12B /* LaunchScreen.storyboard */; };
		C063423C21876D4600E5E12B /* ProfileSampleAppTests.swift in Sources */ = {isa = PBXBuildFile; fileRef = C063423B21876D4600E5E12B /* ProfileSampleAppTests.swift */; };
		C063424721876D4600E5E12B /* ProfileSampleAppUITests.swift in Sources */ = {isa = PBXBuildFile; fileRef = C063424621876D4600E5E12B /* ProfileSampleAppUITests.swift */; };
		C063425621876E6900E5E12B /* WebService.swift in Sources */ = {isa = PBXBuildFile; fileRef = C063425521876E6900E5E12B /* WebService.swift */; };
		C063425921876E9C00E5E12B /* Profile.swift in Sources */ = {isa = PBXBuildFile; fileRef = C063425821876E9C00E5E12B /* Profile.swift */; };
		C063425C218770BC00E5E12B /* ProfileListViewModel.swift in Sources */ = {isa = PBXBuildFile; fileRef = C063425B218770BC00E5E12B /* ProfileListViewModel.swift */; };
		C06342612187719D00E5E12B /* SA_ProfileViewController.swift in Sources */ = {isa = PBXBuildFile; fileRef = C063425F2187719D00E5E12B /* SA_ProfileViewController.swift */; };
		C0634264218772F100E5E12B /* Common.swift in Sources */ = {isa = PBXBuildFile; fileRef = C0634263218772F100E5E12B /* Common.swift */; };
		C0634268218773DE00E5E12B /* SA_ProfileTableViewCell.swift in Sources */ = {isa = PBXBuildFile; fileRef = C0634267218773DD00E5E12B /* SA_ProfileTableViewCell.swift */; };
		CF093DB0D6CDB68EAE6E909B /* Pods_ProfileSampleAppUITests.framework in Frameworks */ = {isa = PBXBuildFile; fileRef = E2F959E18E444DCEDBC72DB4 /* Pods_ProfileSampleAppUITests.framework */; };
/* End PBXBuildFile section */

/* Begin PBXContainerItemProxy section */
		C063423821876D4600E5E12B /* PBXContainerItemProxy */ = {
			isa = PBXContainerItemProxy;
			containerPortal = C063421B21876D4300E5E12B /* Project object */;
			proxyType = 1;
			remoteGlobalIDString = C063422221876D4300E5E12B;
			remoteInfo = ProfileSampleApp;
		};
		C063424321876D4600E5E12B /* PBXContainerItemProxy */ = {
			isa = PBXContainerItemProxy;
			containerPortal = C063421B21876D4300E5E12B /* Project object */;
			proxyType = 1;
			remoteGlobalIDString = C063422221876D4300E5E12B;
			remoteInfo = ProfileSampleApp;
		};
/* End PBXContainerItemProxy section */

/* Begin PBXFileReference section */
		18C1C5881896AAACFA3899C2 /* Pods_ProfileSampleApp.framework */ = {isa = PBXFileReference; explicitFileType = wrapper.framework; includeInIndex = 0; path = Pods_ProfileSampleApp.framework; sourceTree = BUILT_PRODUCTS_DIR; };
		2ADC13C5822FF45111080430 /* Pods-ProfileSampleAppUITests.release.xcconfig */ = {isa = PBXFileReference; includeInIndex = 1; lastKnownFileType = text.xcconfig; name = "Pods-ProfileSampleAppUITests.release.xcconfig"; path = "Target Support Files/Pods-ProfileSampleAppUITests/Pods-ProfileSampleAppUITests.release.xcconfig"; sourceTree = "<group>"; };
		2D6A13584D7B242BC9DAD747 /* Pods-ProfileSampleApp.debug.xcconfig */ = {isa = PBXFileReference; includeInIndex = 1; lastKnownFileType = text.xcconfig; name = "Pods-ProfileSampleApp.debug.xcconfig"; path = "Target Support Files/Pods-ProfileSampleApp/Pods-ProfileSampleApp.debug.xcconfig"; sourceTree = "<group>"; };
		6D7F6BE044D8838B9EDC67D9 /* Pods_ProfileSampleAppTests.framework */ = {isa = PBXFileReference; explicitFileType = wrapper.framework; includeInIndex = 0; path = Pods_ProfileSampleAppTests.framework; sourceTree = BUILT_PRODUCTS_DIR; };
		8C0B04DD27528D6AF9AB5E6D /* Pods-ProfileSampleApp.release.xcconfig */ = {isa = PBXFileReference; includeInIndex = 1; lastKnownFileType = text.xcconfig; name = "Pods-ProfileSampleApp.release.xcconfig"; path = "Target Support Files/Pods-ProfileSampleApp/Pods-ProfileSampleApp.release.xcconfig"; sourceTree = "<group>"; };
		95A1133CCEBC971BD24CED28 /* Pods-ProfileSampleAppUITests.debug.xcconfig */ = {isa = PBXFileReference; includeInIndex = 1; lastKnownFileType = text.xcconfig; name = "Pods-ProfileSampleAppUITests.debug.xcconfig"; path = "Target Support Files/Pods-ProfileSampleAppUITests/Pods-ProfileSampleAppUITests.debug.xcconfig"; sourceTree = "<group>"; };
		B5AFDFFDA37FBCB8DA7462BB /* Pods-ProfileSampleAppTests.debug.xcconfig */ = {isa = PBXFileReference; includeInIndex = 1; lastKnownFileType = text.xcconfig; name = "Pods-ProfileSampleAppTests.debug.xcconfig"; path = "Target Support Files/Pods-ProfileSampleAppTests/Pods-ProfileSampleAppTests.debug.xcconfig"; sourceTree = "<group>"; };
		B84A1BCAE7D038C44AD02C82 /* Pods-ProfileSampleAppTests.release.xcconfig */ = {isa = PBXFileReference; includeInIndex = 1; lastKnownFileType = text.xcconfig; name = "Pods-ProfileSampleAppTests.release.xcconfig"; path = "Target Support Files/Pods-ProfileSampleAppTests/Pods-ProfileSampleAppTests.release.xcconfig"; sourceTree = "<group>"; };
		C063422321876D4300E5E12B /* ProfileSampleApp.app */ = {isa = PBXFileReference; explicitFileType = wrapper.application; includeInIndex = 0; path = ProfileSampleApp.app; sourceTree = BUILT_PRODUCTS_DIR; };
		C063422621876D4300E5E12B /* AppDelegate.swift */ = {isa = PBXFileReference; lastKnownFileType = sourcecode.swift; path = AppDelegate.swift; sourceTree = "<group>"; };
		C063422B21876D4300E5E12B /* Base */ = {isa = PBXFileReference; lastKnownFileType = file.storyboard; name = Base; path = Base.lproj/Main.storyboard; sourceTree = "<group>"; };
		C063422D21876D4600E5E12B /* Assets.xcassets */ = {isa = PBXFileReference; lastKnownFileType = folder.assetcatalog; path = Assets.xcassets; sourceTree = "<group>"; };
		C063423021876D4600E5E12B /* Base */ = {isa = PBXFileReference; lastKnownFileType = file.storyboard; name = Base; path = Base.lproj/LaunchScreen.storyboard; sourceTree = "<group>"; };
		C063423221876D4600E5E12B /* Info.plist */ = {isa = PBXFileReference; lastKnownFileType = text.plist.xml; path = Info.plist; sourceTree = "<group>"; };
		C063423721876D4600E5E12B /* ProfileSampleAppTests.xctest */ = {isa = PBXFileReference; explicitFileType = wrapper.cfbundle; includeInIndex = 0; path = ProfileSampleAppTests.xctest; sourceTree = BUILT_PRODUCTS_DIR; };
		C063423B21876D4600E5E12B /* ProfileSampleAppTests.swift */ = {isa = PBXFileReference; lastKnownFileType = sourcecode.swift; path = ProfileSampleAppTests.swift; sourceTree = "<group>"; };
		C063423D21876D4600E5E12B /* Info.plist */ = {isa = PBXFileReference; lastKnownFileType = text.plist.xml; path = Info.plist; sourceTree = "<group>"; };
		C063424221876D4600E5E12B /* ProfileSampleAppUITests.xctest */ = {isa = PBXFileReference; explicitFileType = wrapper.cfbundle; includeInIndex = 0; path = ProfileSampleAppUITests.xctest; sourceTree = BUILT_PRODUCTS_DIR; };
		C063424621876D4600E5E12B /* ProfileSampleAppUITests.swift */ = {isa = PBXFileReference; lastKnownFileType = sourcecode.swift; path = ProfileSampleAppUITests.swift; sourceTree = "<group>"; };
		C063424821876D4600E5E12B /* Info.plist */ = {isa = PBXFileReference; lastKnownFileType = text.plist.xml; path = Info.plist; sourceTree = "<group>"; };
		C063425521876E6900E5E12B /* WebService.swift */ = {isa = PBXFileReference; fileEncoding = 4; lastKnownFileType = sourcecode.swift; path = WebService.swift; sourceTree = "<group>"; };
		C063425821876E9C00E5E12B /* Profile.swift */ = {isa = PBXFileReference; fileEncoding = 4; lastKnownFileType = sourcecode.swift; path = Profile.swift; sourceTree = "<group>"; };
		C063425B218770BC00E5E12B /* ProfileListViewModel.swift */ = {isa = PBXFileReference; fileEncoding = 4; lastKnownFileType = sourcecode.swift; path = ProfileListViewModel.swift; sourceTree = "<group>"; };
		C063425F2187719D00E5E12B /* SA_ProfileViewController.swift */ = {isa = PBXFileReference; fileEncoding = 4; lastKnownFileType = sourcecode.swift; path = SA_ProfileViewController.swift; sourceTree = "<group>"; };
		C0634263218772F100E5E12B /* Common.swift */ = {isa = PBXFileReference; fileEncoding = 4; lastKnownFileType = sourcecode.swift; path = Common.swift; sourceTree = "<group>"; };
		C0634267218773DD00E5E12B /* SA_ProfileTableViewCell.swift */ = {isa = PBXFileReference; fileEncoding = 4; lastKnownFileType = sourcecode.swift; path = SA_ProfileTableViewCell.swift; sourceTree = "<group>"; };
		E2F959E18E444DCEDBC72DB4 /* Pods_ProfileSampleAppUITests.framework */ = {isa = PBXFileReference; explicitFileType = wrapper.framework; includeInIndex = 0; path = Pods_ProfileSampleAppUITests.framework; sourceTree = BUILT_PRODUCTS_DIR; };
/* End PBXFileReference section */

/* Begin PBXFrameworksBuildPhase section */
		C063422021876D4300E5E12B /* Frameworks */ = {
			isa = PBXFrameworksBuildPhase;
			buildActionMask = 2147483647;
			files = (
				05F01C9F0B43F59125CBD984 /* Pods_ProfileSampleApp.framework in Frameworks */,
			);
			runOnlyForDeploymentPostprocessing = 0;
		};
		C063423421876D4600E5E12B /* Frameworks */ = {
			isa = PBXFrameworksBuildPhase;
			buildActionMask = 2147483647;
			files = (
				823EA59E6805821CADE05600 /* Pods_ProfileSampleAppTests.framework in Frameworks */,
			);
			runOnlyForDeploymentPostprocessing = 0;
		};
		C063423F21876D4600E5E12B /* Frameworks */ = {
			isa = PBXFrameworksBuildPhase;
			buildActionMask = 2147483647;
			files = (
				CF093DB0D6CDB68EAE6E909B /* Pods_ProfileSampleAppUITests.framework in Frameworks */,
			);
			runOnlyForDeploymentPostprocessing = 0;
		};
/* End PBXFrameworksBuildPhase section */

/* Begin PBXGroup section */
		75FB8F3E1548ECB93EB767AE /* Frameworks */ = {
			isa = PBXGroup;
			children = (
				18C1C5881896AAACFA3899C2 /* Pods_ProfileSampleApp.framework */,
				6D7F6BE044D8838B9EDC67D9 /* Pods_ProfileSampleAppTests.framework */,
				E2F959E18E444DCEDBC72DB4 /* Pods_ProfileSampleAppUITests.framework */,
			);
			name = Frameworks;
			sourceTree = "<group>";
		};
		7F9618C5C0ACA046BD1D2BC6 /* Pods */ = {
			isa = PBXGroup;
			children = (
				2D6A13584D7B242BC9DAD747 /* Pods-ProfileSampleApp.debug.xcconfig */,
				8C0B04DD27528D6AF9AB5E6D /* Pods-ProfileSampleApp.release.xcconfig */,
				B5AFDFFDA37FBCB8DA7462BB /* Pods-ProfileSampleAppTests.debug.xcconfig */,
				B84A1BCAE7D038C44AD02C82 /* Pods-ProfileSampleAppTests.release.xcconfig */,
				95A1133CCEBC971BD24CED28 /* Pods-ProfileSampleAppUITests.debug.xcconfig */,
				2ADC13C5822FF45111080430 /* Pods-ProfileSampleAppUITests.release.xcconfig */,
			);
			path = Pods;
			sourceTree = "<group>";
		};
		C063421A21876D4300E5E12B = {
			isa = PBXGroup;
			children = (
				C063422521876D4300E5E12B /* ProfileSampleApp */,
				C063423A21876D4600E5E12B /* ProfileSampleAppTests */,
				C063424521876D4600E5E12B /* ProfileSampleAppUITests */,
				C063422421876D4300E5E12B /* Products */,
				7F9618C5C0ACA046BD1D2BC6 /* Pods */,
				75FB8F3E1548ECB93EB767AE /* Frameworks */,
			);
			sourceTree = "<group>";
		};
		C063422421876D4300E5E12B /* Products */ = {
			isa = PBXGroup;
			children = (
				C063422321876D4300E5E12B /* ProfileSampleApp.app */,
				C063423721876D4600E5E12B /* ProfileSampleAppTests.xctest */,
				C063424221876D4600E5E12B /* ProfileSampleAppUITests.xctest */,
			);
			name = Products;
			sourceTree = "<group>";
		};
		C063422521876D4300E5E12B /* ProfileSampleApp */ = {
			isa = PBXGroup;
			children = (
				C063422621876D4300E5E12B /* AppDelegate.swift */,
				C063425421876E6900E5E12B /* Web Services */,
				C063425721876E9C00E5E12B /* Model */,
				C0634265218773DD00E5E12B /* View */,
				C063425A218770BC00E5E12B /* ViewModel */,
				C063425D2187719D00E5E12B /* Controller */,
				C0634262218772F100E5E12B /* Utility */,
				C063422A21876D4300E5E12B /* Main.storyboard */,
				C063422D21876D4600E5E12B /* Assets.xcassets */,
				C063422F21876D4600E5E12B /* LaunchScreen.storyboard */,
				C063423221876D4600E5E12B /* Info.plist */,
			);
			path = ProfileSampleApp;
			sourceTree = "<group>";
		};
		C063423A21876D4600E5E12B /* ProfileSampleAppTests */ = {
			isa = PBXGroup;
			children = (
				C063423B21876D4600E5E12B /* ProfileSampleAppTests.swift */,
				C063423D21876D4600E5E12B /* Info.plist */,
			);
			path = ProfileSampleAppTests;
			sourceTree = "<group>";
		};
		C063424521876D4600E5E12B /* ProfileSampleAppUITests */ = {
			isa = PBXGroup;
			children = (
				C063424621876D4600E5E12B /* ProfileSampleAppUITests.swift */,
				C063424821876D4600E5E12B /* Info.plist */,
			);
			path = ProfileSampleAppUITests;
			sourceTree = "<group>";
		};
		C063425421876E6900E5E12B /* Web Services */ = {
			isa = PBXGroup;
			children = (
				C063425521876E6900E5E12B /* WebService.swift */,
			);
			path = "Web Services";
			sourceTree = "<group>";
		};
		C063425721876E9C00E5E12B /* Model */ = {
			isa = PBXGroup;
			children = (
				C063425821876E9C00E5E12B /* Profile.swift */,
			);
			path = Model;
			sourceTree = "<group>";
		};
		C063425A218770BC00E5E12B /* ViewModel */ = {
			isa = PBXGroup;
			children = (
				C063425B218770BC00E5E12B /* ProfileListViewModel.swift */,
			);
			path = ViewModel;
			sourceTree = "<group>";
		};
		C063425D2187719D00E5E12B /* Controller */ = {
			isa = PBXGroup;
			children = (
				C063425F2187719D00E5E12B /* SA_ProfileViewController.swift */,
			);
			path = Controller;
			sourceTree = "<group>";
		};
		C0634262218772F100E5E12B /* Utility */ = {
			isa = PBXGroup;
			children = (
				C0634263218772F100E5E12B /* Common.swift */,
			);
			path = Utility;
			sourceTree = "<group>";
		};
		C0634265218773DD00E5E12B /* View */ = {
			isa = PBXGroup;
			children = (
				C0634266218773DD00E5E12B /* profileView */,
			);
			path = View;
			sourceTree = "<group>";
		};
		C0634266218773DD00E5E12B /* profileView */ = {
			isa = PBXGroup;
			children = (
				C0634267218773DD00E5E12B /* SA_ProfileTableViewCell.swift */,
			);
			path = profileView;
			sourceTree = "<group>";
		};
/* End PBXGroup section */

/* Begin PBXNativeTarget section */
		C063422221876D4300E5E12B /* ProfileSampleApp */ = {
			isa = PBXNativeTarget;
			buildConfigurationList = C063424B21876D4600E5E12B /* Build configuration list for PBXNativeTarget "ProfileSampleApp" */;
			buildPhases = (
				FC3F3C3DA03BF8018C59B6AB /* [CP] Check Pods Manifest.lock */,
				C063421F21876D4300E5E12B /* Sources */,
				C063422021876D4300E5E12B /* Frameworks */,
				C063422121876D4300E5E12B /* Resources */,
				0B6E0A011E71EAAE08050060 /* [CP] Embed Pods Frameworks */,
			);
			buildRules = (
			);
			dependencies = (
			);
			name = ProfileSampleApp;
			productName = ProfileSampleApp;
			productReference = C063422321876D4300E5E12B /* ProfileSampleApp.app */;
			productType = "com.apple.product-type.application";
		};
		C063423621876D4600E5E12B /* ProfileSampleAppTests */ = {
			isa = PBXNativeTarget;
			buildConfigurationList = C063424E21876D4600E5E12B /* Build configuration list for PBXNativeTarget "ProfileSampleAppTests" */;
			buildPhases = (
				48F21EE438ADA59B781F467D /* [CP] Check Pods Manifest.lock */,
				C063423321876D4600E5E12B /* Sources */,
				C063423421876D4600E5E12B /* Frameworks */,
				C063423521876D4600E5E12B /* Resources */,
			);
			buildRules = (
			);
			dependencies = (
				C063423921876D4600E5E12B /* PBXTargetDependency */,
			);
			name = ProfileSampleAppTests;
			productName = ProfileSampleAppTests;
			productReference = C063423721876D4600E5E12B /* ProfileSampleAppTests.xctest */;
			productType = "com.apple.product-type.bundle.unit-test";
		};
		C063424121876D4600E5E12B /* ProfileSampleAppUITests */ = {
			isa = PBXNativeTarget;
			buildConfigurationList = C063425121876D4600E5E12B /* Build configuration list for PBXNativeTarget "ProfileSampleAppUITests" */;
			buildPhases = (
				2EBB3E8F8CC9DD89B0D45381 /* [CP] Check Pods Manifest.lock */,
				C063423E21876D4600E5E12B /* Sources */,
				C063423F21876D4600E5E12B /* Frameworks */,
				C063424021876D4600E5E12B /* Resources */,
			);
			buildRules = (
			);
			dependencies = (
				C063424421876D4600E5E12B /* PBXTargetDependency */,
			);
			name = ProfileSampleAppUITests;
			productName = ProfileSampleAppUITests;
			productReference = C063424221876D4600E5E12B /* ProfileSampleAppUITests.xctest */;
			productType = "com.apple.product-type.bundle.ui-testing";
		};
/* End PBXNativeTarget section */

/* Begin PBXProject section */
		C063421B21876D4300E5E12B /* Project object */ = {
			isa = PBXProject;
			attributes = {
				LastSwiftUpdateCheck = 1000;
				LastUpgradeCheck = 1000;
				ORGANIZATIONNAME = Shankar;
				TargetAttributes = {
					C063422221876D4300E5E12B = {
						CreatedOnToolsVersion = 10.0;
					};
					C063423621876D4600E5E12B = {
						CreatedOnToolsVersion = 10.0;
						TestTargetID = C063422221876D4300E5E12B;
					};
					C063424121876D4600E5E12B = {
						CreatedOnToolsVersion = 10.0;
						TestTargetID = C063422221876D4300E5E12B;
					};
				};
			};
			buildConfigurationList = C063421E21876D4300E5E12B /* Build configuration list for PBXProject "ProfileSampleApp" */;
			compatibilityVersion = "Xcode 9.3";
			developmentRegion = en;
			hasScannedForEncodings = 0;
			knownRegions = (
				en,
				Base,
			);
			mainGroup = C063421A21876D4300E5E12B;
			productRefGroup = C063422421876D4300E5E12B /* Products */;
			projectDirPath = "";
			projectRoot = "";
			targets = (
				C063422221876D4300E5E12B /* ProfileSampleApp */,
				C063423621876D4600E5E12B /* ProfileSampleAppTests */,
				C063424121876D4600E5E12B /* ProfileSampleAppUITests */,
			);
		};
/* End PBXProject section */

/* Begin PBXResourcesBuildPhase section */
		C063422121876D4300E5E12B /* Resources */ = {
			isa = PBXResourcesBuildPhase;
			buildActionMask = 2147483647;
			files = (
				C063423121876D4600E5E12B /* LaunchScreen.storyboard in Resources */,
				C063422E21876D4600E5E12B /* Assets.xcassets in Resources */,
				C063422C21876D4300E5E12B /* Main.storyboard in Resources */,
			);
			runOnlyForDeploymentPostprocessing = 0;
		};
		C063423521876D4600E5E12B /* Resources */ = {
			isa = PBXResourcesBuildPhase;
			buildActionMask = 2147483647;
			files = (
			);
			runOnlyForDeploymentPostprocessing = 0;
		};
		C063424021876D4600E5E12B /* Resources */ = {
			isa = PBXResourcesBuildPhase;
			buildActionMask = 2147483647;
			files = (
			);
			runOnlyForDeploymentPostprocessing = 0;
		};
/* End PBXResourcesBuildPhase section */

/* Begin PBXShellScriptBuildPhase section */
		0B6E0A011E71EAAE08050060 /* [CP] Embed Pods Frameworks */ = {
			isa = PBXShellScriptBuildPhase;
			buildActionMask = 2147483647;
			files = (
			);
			inputFileListPaths = (
			);
			inputPaths = (
				"${PODS_ROOT}/Target Support Files/Pods-ProfileSampleApp/Pods-ProfileSampleApp-frameworks.sh",
				"${BUILT_PRODUCTS_DIR}/ReachabilitySwift/Reachability.framework",
				"${BUILT_PRODUCTS_DIR}/SDWebImage/SDWebImage.framework",
				"${BUILT_PRODUCTS_DIR}/Toast-Swift/Toast_Swift.framework",
			);
			name = "[CP] Embed Pods Frameworks";
			outputFileListPaths = (
			);
			outputPaths = (
				"${TARGET_BUILD_DIR}/${FRAMEWORKS_FOLDER_PATH}/Reachability.framework",
				"${TARGET_BUILD_DIR}/${FRAMEWORKS_FOLDER_PATH}/SDWebImage.framework",
				"${TARGET_BUILD_DIR}/${FRAMEWORKS_FOLDER_PATH}/Toast_Swift.framework",
			);
			runOnlyForDeploymentPostprocessing = 0;
			shellPath = /bin/sh;
			shellScript = "\"${PODS_ROOT}/Target Support Files/Pods-ProfileSampleApp/Pods-ProfileSampleApp-frameworks.sh\"\n";
			showEnvVarsInLog = 0;
		};
		2EBB3E8F8CC9DD89B0D45381 /* [CP] Check Pods Manifest.lock */ = {
			isa = PBXShellScriptBuildPhase;
			buildActionMask = 2147483647;
			files = (
			);
			inputFileListPaths = (
			);
			inputPaths = (
				"${PODS_PODFILE_DIR_PATH}/Podfile.lock",
				"${PODS_ROOT}/Manifest.lock",
			);
			name = "[CP] Check Pods Manifest.lock";
			outputFileListPaths = (
			);
			outputPaths = (
				"$(DERIVED_FILE_DIR)/Pods-ProfileSampleAppUITests-checkManifestLockResult.txt",
			);
			runOnlyForDeploymentPostprocessing = 0;
			shellPath = /bin/sh;
			shellScript = "diff \"${PODS_PODFILE_DIR_PATH}/Podfile.lock\" \"${PODS_ROOT}/Manifest.lock\" > /dev/null\nif [ $? != 0 ] ; then\n    # print error to STDERR\n    echo \"error: The sandbox is not in sync with the Podfile.lock. Run 'pod install' or update your CocoaPods installation.\" >&2\n    exit 1\nfi\n# This output is used by Xcode 'outputs' to avoid re-running this script phase.\necho \"SUCCESS\" > \"${SCRIPT_OUTPUT_FILE_0}\"\n";
			showEnvVarsInLog = 0;
		};
		48F21EE438ADA59B781F467D /* [CP] Check Pods Manifest.lock */ = {
			isa = PBXShellScriptBuildPhase;
			buildActionMask = 2147483647;
			files = (
			);
			inputFileListPaths = (
			);
			inputPaths = (
				"${PODS_PODFILE_DIR_PATH}/Podfile.lock",
				"${PODS_ROOT}/Manifest.lock",
			);
			name = "[CP] Check Pods Manifest.lock";
			outputFileListPaths = (
			);
			outputPaths = (
				"$(DERIVED_FILE_DIR)/Pods-ProfileSampleAppTests-checkManifestLockResult.txt",
			);
			runOnlyForDeploymentPostprocessing = 0;
			shellPath = /bin/sh;
			shellScript = "diff \"${PODS_PODFILE_DIR_PATH}/Podfile.lock\" \"${PODS_ROOT}/Manifest.lock\" > /dev/null\nif [ $? != 0 ] ; then\n    # print error to STDERR\n    echo \"error: The sandbox is not in sync with the Podfile.lock. Run 'pod install' or update your CocoaPods installation.\" >&2\n    exit 1\nfi\n# This output is used by Xcode 'outputs' to avoid re-running this script phase.\necho \"SUCCESS\" > \"${SCRIPT_OUTPUT_FILE_0}\"\n";
			showEnvVarsInLog = 0;
		};
		FC3F3C3DA03BF8018C59B6AB /* [CP] Check Pods Manifest.lock */ = {
			isa = PBXShellScriptBuildPhase;
			buildActionMask = 2147483647;
			files = (
			);
			inputFileListPaths = (
			);
			inputPaths = (
				"${PODS_PODFILE_DIR_PATH}/Podfile.lock",
				"${PODS_ROOT}/Manifest.lock",
			);
			name = "[CP] Check Pods Manifest.lock";
			outputFileListPaths = (
			);
			outputPaths = (
				"$(DERIVED_FILE_DIR)/Pods-ProfileSampleApp-checkManifestLockResult.txt",
			);
			runOnlyForDeploymentPostprocessing = 0;
			shellPath = /bin/sh;
			shellScript = "diff \"${PODS_PODFILE_DIR_PATH}/Podfile.lock\" \"${PODS_ROOT}/Manifest.lock\" > /dev/null\nif [ $? != 0 ] ; then\n    # print error to STDERR\n    echo \"error: The sandbox is not in sync with the Podfile.lock. Run 'pod install' or update your CocoaPods installation.\" >&2\n    exit 1\nfi\n# This output is used by Xcode 'outputs' to avoid re-running this script phase.\necho \"SUCCESS\" > \"${SCRIPT_OUTPUT_FILE_0}\"\n";
			showEnvVarsInLog = 0;
		};
/* End PBXShellScriptBuildPhase section */

/* Begin PBXSourcesBuildPhase section */
		C063421F21876D4300E5E12B /* Sources */ = {
			isa = PBXSourcesBuildPhase;
			buildActionMask = 2147483647;
			files = (
				C06342612187719D00E5E12B /* SA_ProfileViewController.swift in Sources */,
				C063425921876E9C00E5E12B /* Profile.swift in Sources */,
				C063425621876E6900E5E12B /* WebService.swift in Sources */,
				C0634268218773DE00E5E12B /* SA_ProfileTableViewCell.swift in Sources */,
				C063422721876D4300E5E12B /* AppDelegate.swift in Sources */,
				C063425C218770BC00E5E12B /* ProfileListViewModel.swift in Sources */,
				C0634264218772F100E5E12B /* Common.swift in Sources */,
			);
			runOnlyForDeploymentPostprocessing = 0;
		};
		C063423321876D4600E5E12B /* Sources */ = {
			isa = PBXSourcesBuildPhase;
			buildActionMask = 2147483647;
			files = (
				C063423C21876D4600E5E12B /* ProfileSampleAppTests.swift in Sources */,
			);
			runOnlyForDeploymentPostprocessing = 0;
		};
		C063423E21876D4600E5E12B /* Sources */ = {
			isa = PBXSourcesBuildPhase;
			buildActionMask = 2147483647;
			files = (
				C063424721876D4600E5E12B /* ProfileSampleAppUITests.swift in Sources */,
			);
			runOnlyForDeploymentPostprocessing = 0;
		};
/* End PBXSourcesBuildPhase section */

/* Begin PBXTargetDependency section */
		C063423921876D4600E5E12B /* PBXTargetDependency */ = {
			isa = PBXTargetDependency;
			target = C063422221876D4300E5E12B /* ProfileSampleApp */;
			targetProxy = C063423821876D4600E5E12B /* PBXContainerItemProxy */;
		};
		C063424421876D4600E5E12B /* PBXTargetDependency */ = {
			isa = PBXTargetDependency;
			target = C063422221876D4300E5E12B /* ProfileSampleApp */;
			targetProxy = C063424321876D4600E5E12B /* PBXContainerItemProxy */;
		};
/* End PBXTargetDependency section */

/* Begin PBXVariantGroup section */
		C063422A21876D4300E5E12B /* Main.storyboard */ = {
			isa = PBXVariantGroup;
			children = (
				C063422B21876D4300E5E12B /* Base */,
			);
			name = Main.storyboard;
			sourceTree = "<group>";
		};
		C063422F21876D4600E5E12B /* LaunchScreen.storyboard */ = {
			isa = PBXVariantGroup;
			children = (
				C063423021876D4600E5E12B /* Base */,
			);
			name = LaunchScreen.storyboard;
			sourceTree = "<group>";
		};
/* End PBXVariantGroup section */

/* Begin XCBuildConfiguration section */
		C063424921876D4600E5E12B /* Debug */ = {
			isa = XCBuildConfiguration;
			buildSettings = {
				ALWAYS_SEARCH_USER_PATHS = NO;
				CLANG_ANALYZER_NONNULL = YES;
				CLANG_ANALYZER_NUMBER_OBJECT_CONVERSION = YES_AGGRESSIVE;
				CLANG_CXX_LANGUAGE_STANDARD = "gnu++14";
				CLANG_CXX_LIBRARY = "libc++";
				CLANG_ENABLE_MODULES = YES;
				CLANG_ENABLE_OBJC_ARC = YES;
				CLANG_ENABLE_OBJC_WEAK = YES;
				CLANG_WARN_BLOCK_CAPTURE_AUTORELEASING = YES;
				CLANG_WARN_BOOL_CONVERSION = YES;
				CLANG_WARN_COMMA = YES;
				CLANG_WARN_CONSTANT_CONVERSION = YES;
				CLANG_WARN_DEPRECATED_OBJC_IMPLEMENTATIONS = YES;
				CLANG_WARN_DIRECT_OBJC_ISA_USAGE = YES_ERROR;
				CLANG_WARN_DOCUMENTATION_COMMENTS = YES;
				CLANG_WARN_EMPTY_BODY = YES;
				CLANG_WARN_ENUM_CONVERSION = YES;
				CLANG_WARN_INFINITE_RECURSION = YES;
				CLANG_WARN_INT_CONVERSION = YES;
				CLANG_WARN_NON_LITERAL_NULL_CONVERSION = YES;
				CLANG_WARN_OBJC_IMPLICIT_RETAIN_SELF = YES;
				CLANG_WARN_OBJC_LITERAL_CONVERSION = YES;
				CLANG_WARN_OBJC_ROOT_CLASS = YES_ERROR;
				CLANG_WARN_RANGE_LOOP_ANALYSIS = YES;
				CLANG_WARN_STRICT_PROTOTYPES = YES;
				CLANG_WARN_SUSPICIOUS_MOVE = YES;
				CLANG_WARN_UNGUARDED_AVAILABILITY = YES_AGGRESSIVE;
				CLANG_WARN_UNREACHABLE_CODE = YES;
				CLANG_WARN__DUPLICATE_METHOD_MATCH = YES;
				CODE_SIGN_IDENTITY = "iPhone Developer";
				COPY_PHASE_STRIP = NO;
				DEBUG_INFORMATION_FORMAT = dwarf;
				ENABLE_STRICT_OBJC_MSGSEND = YES;
				ENABLE_TESTABILITY = YES;
				GCC_C_LANGUAGE_STANDARD = gnu11;
				GCC_DYNAMIC_NO_PIC = NO;
				GCC_NO_COMMON_BLOCKS = YES;
				GCC_OPTIMIZATION_LEVEL = 0;
				GCC_PREPROCESSOR_DEFINITIONS = (
					"DEBUG=1",
					"$(inherited)",
				);
				GCC_WARN_64_TO_32_BIT_CONVERSION = YES;
				GCC_WARN_ABOUT_RETURN_TYPE = YES_ERROR;
				GCC_WARN_UNDECLARED_SELECTOR = YES;
				GCC_WARN_UNINITIALIZED_AUTOS = YES_AGGRESSIVE;
				GCC_WARN_UNUSED_FUNCTION = YES;
				GCC_WARN_UNUSED_VARIABLE = YES;
				IPHONEOS_DEPLOYMENT_TARGET = 12.0;
				MTL_ENABLE_DEBUG_INFO = INCLUDE_SOURCE;
				MTL_FAST_MATH = YES;
				ONLY_ACTIVE_ARCH = YES;
				SDKROOT = iphoneos;
				SWIFT_ACTIVE_COMPILATION_CONDITIONS = DEBUG;
				SWIFT_OPTIMIZATION_LEVEL = "-Onone";
			};
			name = Debug;
		};
		C063424A21876D4600E5E12B /* Release */ = {
			isa = XCBuildConfiguration;
			buildSettings = {
				ALWAYS_SEARCH_USER_PATHS = NO;
				CLANG_ANALYZER_NONNULL = YES;
				CLANG_ANALYZER_NUMBER_OBJECT_CONVERSION = YES_AGGRESSIVE;
				CLANG_CXX_LANGUAGE_STANDARD = "gnu++14";
				CLANG_CXX_LIBRARY = "libc++";
				CLANG_ENABLE_MODULES = YES;
				CLANG_ENABLE_OBJC_ARC = YES;
				CLANG_ENABLE_OBJC_WEAK = YES;
				CLANG_WARN_BLOCK_CAPTURE_AUTORELEASING = YES;
				CLANG_WARN_BOOL_CONVERSION = YES;
				CLANG_WARN_COMMA = YES;
				CLANG_WARN_CONSTANT_CONVERSION = YES;
				CLANG_WARN_DEPRECATED_OBJC_IMPLEMENTATIONS = YES;
				CLANG_WARN_DIRECT_OBJC_ISA_USAGE = YES_ERROR;
				CLANG_WARN_DOCUMENTATION_COMMENTS = YES;
				CLANG_WARN_EMPTY_BODY = YES;
				CLANG_WARN_ENUM_CONVERSION = YES;
				CLANG_WARN_INFINITE_RECURSION = YES;
				CLANG_WARN_INT_CONVERSION = YES;
				CLANG_WARN_NON_LITERAL_NULL_CONVERSION = YES;
				CLANG_WARN_OBJC_IMPLICIT_RETAIN_SELF = YES;
				CLANG_WARN_OBJC_LITERAL_CONVERSION = YES;
				CLANG_WARN_OBJC_ROOT_CLASS = YES_ERROR;
				CLANG_WARN_RANGE_LOOP_ANALYSIS = YES;
				CLANG_WARN_STRICT_PROTOTYPES = YES;
				CLANG_WARN_SUSPICIOUS_MOVE = YES;
				CLANG_WARN_UNGUARDED_AVAILABILITY = YES_AGGRESSIVE;
				CLANG_WARN_UNREACHABLE_CODE = YES;
				CLANG_WARN__DUPLICATE_METHOD_MATCH = YES;
				CODE_SIGN_IDENTITY = "iPhone Developer";
				COPY_PHASE_STRIP = NO;
				DEBUG_INFORMATION_FORMAT = "dwarf-with-dsym";
				ENABLE_NS_ASSERTIONS = NO;
				ENABLE_STRICT_OBJC_MSGSEND = YES;
				GCC_C_LANGUAGE_STANDARD = gnu11;
				GCC_NO_COMMON_BLOCKS = YES;
				GCC_WARN_64_TO_32_BIT_CONVERSION = YES;
				GCC_WARN_ABOUT_RETURN_TYPE = YES_ERROR;
				GCC_WARN_UNDECLARED_SELECTOR = YES;
				GCC_WARN_UNINITIALIZED_AUTOS = YES_AGGRESSIVE;
				GCC_WARN_UNUSED_FUNCTION = YES;
				GCC_WARN_UNUSED_VARIABLE = YES;
				IPHONEOS_DEPLOYMENT_TARGET = 12.0;
				MTL_ENABLE_DEBUG_INFO = NO;
				MTL_FAST_MATH = YES;
				SDKROOT = iphoneos;
				SWIFT_COMPILATION_MODE = wholemodule;
				SWIFT_OPTIMIZATION_LEVEL = "-O";
				VALIDATE_PRODUCT = YES;
			};
			name = Release;
		};
		C063424C21876D4600E5E12B /* Debug */ = {
			isa = XCBuildConfiguration;
			baseConfigurationReference = 2D6A13584D7B242BC9DAD747 /* Pods-ProfileSampleApp.debug.xcconfig */;
			buildSettings = {
				ASSETCATALOG_COMPILER_APPICON_NAME = AppIcon;
				CODE_SIGN_STYLE = Automatic;
				DEVELOPMENT_TEAM = 4RUT2H38BJ;
				INFOPLIST_FILE = ProfileSampleApp/Info.plist;
				LD_RUNPATH_SEARCH_PATHS = (
					"$(inherited)",
					"@executable_path/Frameworks",
				);
				PRODUCT_BUNDLE_IDENTIFIER = com.Shankar.ProfileSampleApp;
				PRODUCT_NAME = "$(TARGET_NAME)";
				SWIFT_VERSION = 4.2;
				TARGETED_DEVICE_FAMILY = 1;
			};
			name = Debug;
		};
		C063424D21876D4600E5E12B /* Release */ = {
			isa = XCBuildConfiguration;
			baseConfigurationReference = 8C0B04DD27528D6AF9AB5E6D /* Pods-ProfileSampleApp.release.xcconfig */;
			buildSettings = {
				ASSETCATALOG_COMPILER_APPICON_NAME = AppIcon;
				CODE_SIGN_STYLE = Automatic;
				DEVELOPMENT_TEAM = 4RUT2H38BJ;
				INFOPLIST_FILE = ProfileSampleApp/Info.plist;
				LD_RUNPATH_SEARCH_PATHS = (
					"$(inherited)",
					"@executable_path/Frameworks",
				);
				PRODUCT_BUNDLE_IDENTIFIER = com.Shankar.ProfileSampleApp;
				PRODUCT_NAME = "$(TARGET_NAME)";
				SWIFT_VERSION = 4.2;
				TARGETED_DEVICE_FAMILY = 1;
			};
			name = Release;
		};
		C063424F21876D4600E5E12B /* Debug */ = {
			isa = XCBuildConfiguration;
			baseConfigurationReference = B5AFDFFDA37FBCB8DA7462BB /* Pods-ProfileSampleAppTests.debug.xcconfig */;
			buildSettings = {
				ALWAYS_EMBED_SWIFT_STANDARD_LIBRARIES = YES;
				BUNDLE_LOADER = "$(TEST_HOST)";
				CODE_SIGN_STYLE = Automatic;
				DEVELOPMENT_TEAM = 4RUT2H38BJ;
				INFOPLIST_FILE = ProfileSampleAppTests/Info.plist;
				LD_RUNPATH_SEARCH_PATHS = (
					"$(inherited)",
					"@executable_path/Frameworks",
					"@loader_path/Frameworks",
				);
				PRODUCT_BUNDLE_IDENTIFIER = com.Shankar.ProfileSampleAppTests;
				PRODUCT_NAME = "$(TARGET_NAME)";
				SWIFT_VERSION = 4.2;
				TARGETED_DEVICE_FAMILY = "1,2";
				TEST_HOST = "$(BUILT_PRODUCTS_DIR)/ProfileSampleApp.app/ProfileSampleApp";
			};
			name = Debug;
		};
		C063425021876D4600E5E12B /* Release */ = {
			isa = XCBuildConfiguration;
			baseConfigurationReference = B84A1BCAE7D038C44AD02C82 /* Pods-ProfileSampleAppTests.release.xcconfig */;
			buildSettings = {
				ALWAYS_EMBED_SWIFT_STANDARD_LIBRARIES = YES;
				BUNDLE_LOADER = "$(TEST_HOST)";
				CODE_SIGN_STYLE = Automatic;
				DEVELOPMENT_TEAM = 4RUT2H38BJ;
				INFOPLIST_FILE = ProfileSampleAppTests/Info.plist;
				LD_RUNPATH_SEARCH_PATHS = (
					"$(inherited)",
					"@executable_path/Frameworks",
					"@loader_path/Frameworks",
				);
				PRODUCT_BUNDLE_IDENTIFIER = com.Shankar.ProfileSampleAppTests;
				PRODUCT_NAME = "$(TARGET_NAME)";
				SWIFT_VERSION = 4.2;
				TARGETED_DEVICE_FAMILY = "1,2";
				TEST_HOST = "$(BUILT_PRODUCTS_DIR)/ProfileSampleApp.app/ProfileSampleApp";
			};
			name = Release;
		};
		C063425221876D4600E5E12B /* Debug */ = {
			isa = XCBuildConfiguration;
			baseConfigurationReference = 95A1133CCEBC971BD24CED28 /* Pods-ProfileSampleAppUITests.debug.xcconfig */;
			buildSettings = {
				ALWAYS_EMBED_SWIFT_STANDARD_LIBRARIES = YES;
				CODE_SIGN_STYLE = Automatic;
				DEVELOPMENT_TEAM = 4RUT2H38BJ;
				INFOPLIST_FILE = ProfileSampleAppUITests/Info.plist;
				LD_RUNPATH_SEARCH_PATHS = (
					"$(inherited)",
					"@executable_path/Frameworks",
					"@loader_path/Frameworks",
				);
				PRODUCT_BUNDLE_IDENTIFIER = com.Shankar.ProfileSampleAppUITests;
				PRODUCT_NAME = "$(TARGET_NAME)";
				SWIFT_VERSION = 4.2;
				TARGETED_DEVICE_FAMILY = "1,2";
				TEST_TARGET_NAME = ProfileSampleApp;
			};
			name = Debug;
		};
		C063425321876D4600E5E12B /* Release */ = {
			isa = XCBuildConfiguration;
			baseConfigurationReference = 2ADC13C5822FF45111080430 /* Pods-ProfileSampleAppUITests.release.xcconfig */;
			buildSettings = {
				ALWAYS_EMBED_SWIFT_STANDARD_LIBRARIES = YES;
				CODE_SIGN_STYLE = Automatic;
				DEVELOPMENT_TEAM = 4RUT2H38BJ;
				INFOPLIST_FILE = ProfileSampleAppUITests/Info.plist;
				LD_RUNPATH_SEARCH_PATHS = (
					"$(inherited)",
					"@executable_path/Frameworks",
					"@loader_path/Frameworks",
				);
				PRODUCT_BUNDLE_IDENTIFIER = com.Shankar.ProfileSampleAppUITests;
				PRODUCT_NAME = "$(TARGET_NAME)";
				SWIFT_VERSION = 4.2;
				TARGETED_DEVICE_FAMILY = "1,2";
				TEST_TARGET_NAME = ProfileSampleApp;
			};
			name = Release;
		};
/* End XCBuildConfiguration section */

/* Begin XCConfigurationList section */
		C063421E21876D4300E5E12B /* Build configuration list for PBXProject "ProfileSampleApp" */ = {
			isa = XCConfigurationList;
			buildConfigurations = (
				C063424921876D4600E5E12B /* Debug */,
				C063424A21876D4600E5E12B /* Release */,
			);
			defaultConfigurationIsVisible = 0;
			defaultConfigurationName = Release;
		};
		C063424B21876D4600E5E12B /* Build configuration list for PBXNativeTarget "ProfileSampleApp" */ = {
			isa = XCConfigurationList;
			buildConfigurations = (
				C063424C21876D4600E5E12B /* Debug */,
				C063424D21876D4600E5E12B /* Release */,
			);
			defaultConfigurationIsVisible = 0;
			defaultConfigurationName = Release;
		};
		C063424E21876D4600E5E12B /* Build configuration list for PBXNativeTarget "ProfileSampleAppTests" */ = {
			isa = XCConfigurationList;
			buildConfigurations = (
				C063424F21876D4600E5E12B /* Debug */,
				C063425021876D4600E5E12B /* Release */,
			);
			defaultConfigurationIsVisible = 0;
			defaultConfigurationName = Release;
		};
		C063425121876D4600E5E12B /* Build configuration list for PBXNativeTarget "ProfileSampleAppUITests" */ = {
			isa = XCConfigurationList;
			buildConfigurations = (
				C063425221876D4600E5E12B /* Debug */,
				C063425321876D4600E5E12B /* Release */,
			);
			defaultConfigurationIsVisible = 0;
			defaultConfigurationName = Release;
		};
/* End XCConfigurationList section */
	};
	rootObject = C063421B21876D4300E5E12B /* Project object */;
}
